Microsoft Visual Studio Solution File, Format Version 12.00
# Visual Studio Version 17
VisualStudioVersion = 17.0.31903.59
MinimumVisualStudioVersion = 10.0.40219.1
Project("{FAE04EC0-301F-11D3-BF4B-00C04F79EFBC}") = "WebSiteMonitor.Core", "WebSiteMonitor.Core\WebSiteMonitor.Core.csproj", "{B51D3274-49AD-4EC4-BCA0-B48C57BCA1B2}"
EndProject
Project("{FAE04EC0-301F-11D3-BF4B-00C04F79EFBC}") = "WebSiteMonitor", "WebSiteMonitor\WebSiteMonitor.csproj", "{1F68EB15-E53A-4530-A20E-7B849CEB4186}"
EndProject
Project("{FAE04EC0-301F-11D3-BF4B-00C04F79EFBC}") = "WebSiteMonitor.Tests", "WebSiteMonitor.Tests\WebSiteMonitor.Tests.csproj", "{8BFC05DF-F69D-43FD-9D46-1CFD31B23DD4}"
EndProject
Global
	GlobalSection(SolutionConfigurationPlatforms) = preSolution
		Debug|Any CPU = Debug|Any CPU
		Release|Any CPU = Release|Any CPU
	EndGlobalSection
	GlobalSection(ProjectConfigurationPlatforms) = postSolution
		{B51D3274-49AD-4EC4-BCA0-B48C57BCA1B2}.Debug|Any CPU.ActiveCfg = Debug|Any CPU
		{B51D3274-49AD-4EC4-BCA0-B48C57BCA1B2}.Debug|Any CPU.Build.0 = Debug|Any CPU
		{B51D3274-49AD-4EC4-BCA0-B48C57BCA1B2}.Release|Any CPU.ActiveCfg = Release|Any CPU
		{B51D3274-49AD-4EC4-BCA0-B48C57BCA1B2}.Release|Any CPU.Build.0 = Release|Any CPU
		{1F68EB15-E53A-4530-A20E-7B849CEB4186}.Debug|Any CPU.ActiveCfg = Debug|Any CPU
		{1F68EB15-E53A-4530-A20E-7B849CEB4186}.Debug|Any CPU.Build.0 = Debug|Any CPU
		{1F68EB15-E53A-4530-A20E-7B849CEB4186}.Release|Any CPU.ActiveCfg = Release|Any CPU
		{1F68EB15-E53A-4530-A20E-7B849CEB4186}.Release|Any CPU.Build.0 = Release|Any CPU
		{8BFC05DF-F69D-43FD-9D46-1CFD31B23DD4}.Debug|Any CPU.ActiveCfg = Debug|Any CPU
		{8BFC05DF-F69D-43FD-9D46-1CFD31B23DD4}.Debug|Any CPU.Build.0 = Debug|Any CPU
		{8BFC05DF-F69D-43FD-9D46-1CFD31B23DD4}.Release|Any CPU.ActiveCfg = Release|Any CPU
		{8BFC05DF-F69D-43FD-9D46-1CFD31B23DD4}.Release|Any CPU.Build.0 = Release|Any CPU
	EndGlobalSection
EndGlobal
